
Microsoft Visual Studio Solution File, Format Version 12.00
# Visual Studio 15
VisualStudioVersion = 15.0.28307.421
MinimumVisualStudioVersion = 10.0.40219.1
Project("{8BC9CEB8-8B4A-11D0-8D11-00A0C91BC942}") = "cuda", "cuda\cuda.vcxproj", "{5420DEEE-8A0A-4449-9640-D12540B9D287}"
EndProject
Global
	GlobalSection(SolutionConfigurationPlatforms) = preSolution
		Debug|x64 = Debug|x64
		Debug|x86 = Debug|x86
		Release|x64 = Release|x64
		Release|x86 = Release|x86
	EndGlobalSection
	GlobalSection(ProjectConfigurationPlatforms) = postSolution
		{5420DEEE-8A0A-4449-9640-D12540B9D287}.Debug|x64.ActiveCfg = Debug|x64
		{5420DEEE-8A0A-4449-9640-D12540B9D287}.Debug|x64.Build.0 = Debug|x64
		{5420DEEE-8A0A-4449-9640-D12540B9D287}.Debug|x86.ActiveCfg = Debug|Win32
		{5420DEEE-8A0A-4449-9640-D12540B9D287}.Debug|x86.Build.0 = Debug|Win32
		{5420DEEE-8A0A-4449-9640-D12540B9D287}.Release|x64.ActiveCfg = Release|x64
		{5420DEEE-8A0A-4449-9640-D12540B9D287}.Release|x64.Build.0 = Release|x64
		{5420DEEE-8A0A-4449-9640-D12540B9D287}.Release|x86.ActiveCfg = Release|Win32
		{5420DEEE-8A0A-4449-9640-D12540B9D287}.Release|x86.Build.0 = Release|Win32
	EndGlobalSection
	GlobalSection(SolutionProperties) = preSolution
		HideSolutionNode = FALSE
	EndGlobalSection
	GlobalSection(ExtensibilityGlobals) = postSolution
		SolutionGuid = {82C5C37C-2C66-461C-B72B-E2707D4C5B57}
	EndGlobalSection
EndGlobal
